<?xml version="1.0" encoding="utf-8"?>
<Project ToolsVersion="4.0" xmlns="http://schemas.microsoft.com/developer/msbuild/2003">
  <ItemGroup>
    <Filter Include="Source Files">
      <UniqueIdentifier>{4FC737F1-C7A5-4376-A066-2A32D752A2FF}</UniqueIdentifier>
      <Extensions>cpp;c;cc;cxx;def;odl;idl;hpj;bat;asm;asmx</Extensions>
    </Filter>
    <Filter Include="Header Files">
      <UniqueIdentifier>{93995380-89BD-4b04-88EB-625FBE52EBFB}</UniqueIdentifier>
      <Extensions>h;hpp;hxx;hm;inl;inc;xsd</Extensions>
    </Filter>
    <Filter Include="Resource Files">
      <UniqueIdentifier>{67DA6AB6-F800-4c08-8B7A-83BB121AAD01}</UniqueIdentifier>
      <Extensions>rc;ico;cur;bmp;dlg;rc2;rct;bin;rgs;gif;jpg;jpeg;jpe;resx;tiff;tif;png;wav;mfcribbon-ms</Extensions>
    </Filter>
  </ItemGroup>
  <ItemGroup>
    <ClCompile Include="main.cpp">
      <Filter>Source Files</Filter>
    </ClCompile>
    <ClCompile Include="common_functions.cpp">
      <Filter>Source Files</Filter>
    </ClCompile>
    <ClCompile Include="read_write.cpp">
      <Filter>Source Files</Filter>
    </ClCompile>
    <ClCompile Include="space.cpp">
      <Filter>Source Files</Filter>
    </ClCompile>
    <ClCompile Include="func_pointers.cpp">
      <Filter>Source Files</Filter>
    </ClCompile>
    <ClCompile Include="save.cpp">
      <Filter>Source Files</Filter>
    </ClCompile>
    <ClCompile Include="Game.cpp">
      <Filter>Source Files</Filter>
    </ClCompile>
    <ClCompile Include="o_control.cpp">
      <Filter>Source Files</Filter>
    </ClCompile>
    <ClCompile Include="quad.cpp">
      <Filter>Source Files</Filter>
    </ClCompile>
    <ClCompile Include="o_picture.cpp">
      <Filter>Source Files</Filter>
    </ClCompile>
    <ClCompile Include="o_button.cpp">
      <Filter>Source Files</Filter>
    </ClCompile>
    <ClCompile Include="o_rooms.cpp">
      <Filter>Source Files</Filter>
    </ClCompile>
    <ClCompile Include="input.cpp">
      <Filter>Source Files</Filter>
    </ClCompile>
    <ClCompile Include="enemy.cpp">
      <Filter>Source Files</Filter>
    </ClCompile>
    <ClCompile Include="some_structures.cpp">
      <Filter>Source Files</Filter>
    </ClCompile>
    <ClCompile Include="rooms_extra.cpp">
      <Filter>Source Files</Filter>
    </ClCompile>
    <ClCompile Include="office.cpp">
      <Filter>Source Files</Filter>
    </ClCompile>
    <ClCompile Include="camera.cpp">
      <Filter>Source Files</Filter>
    </ClCompile>
    <ClCompile Include="cam_upd.cpp">
      <Filter>Source Files</Filter>
    </ClCompile>
    <ClCompile Include="cam_num.cpp">
      <Filter>Source Files</Filter>
    </ClCompile>
    <ClCompile Include="cam_another_opening.cpp">
      <Filter>Source Files</Filter>
    </ClCompile>
    <ClCompile Include="cam_init.cpp">
      <Filter>Source Files</Filter>
    </ClCompile>
  </ItemGroup>
  <ItemGroup>
    <ClInclude Include="main_header.h">
      <Filter>Header Files</Filter>
    </ClInclude>
    <ClInclude Include="sfml.h">
      <Filter>Header Files</Filter>
    </ClInclude>
    <ClInclude Include="space.h">
      <Filter>Header Files</Filter>
    </ClInclude>
    <ClInclude Include="object.h">
      <Filter>Header Files</Filter>
    </ClInclude>
    <ClInclude Include="read_write.h">
      <Filter>Header Files</Filter>
    </ClInclude>
    <ClInclude Include="func_pointers.h">
      <Filter>Header Files</Filter>
    </ClInclude>
    <ClInclude Include="save.h">
      <Filter>Header Files</Filter>
    </ClInclude>
    <ClInclude Include="Game.h">
      <Filter>Header Files</Filter>
    </ClInclude>
    <ClInclude Include="o_control.h">
      <Filter>Header Files</Filter>
    </ClInclude>
    <ClInclude Include="quad.h">
      <Filter>Header Files</Filter>
    </ClInclude>
    <ClInclude Include="o_picture.h">
      <Filter>Header Files</Filter>
    </ClInclude>
    <ClInclude Include="o_button.h">
      <Filter>Header Files</Filter>
    </ClInclude>
    <ClInclude Include="o_rooms.h">
      <Filter>Header Files</Filter>
    </ClInclude>
    <ClInclude Include="input.h">
      <Filter>Header Files</Filter>
    </ClInclude>
    <ClInclude Include="some_structures.h">
      <Filter>Header Files</Filter>
    </ClInclude>
    <ClInclude Include="rooms_extra.h">
      <Filter>Header Files</Filter>
    </ClInclude>
    <ClInclude Include="office.h">
      <Filter>Header Files</Filter>
    </ClInclude>
    <ClInclude Include="camera.h">
      <Filter>Header Files</Filter>
    </ClInclude>
  </ItemGroup>
  <ItemGroup>
    <Text Include="..\Release\assets\inf\main.txt">
      <Filter>Resource Files</Filter>
    </Text>
    <Text Include="..\Release\assets\inf\menu.txt">
      <Filter>Resource Files</Filter>
    </Text>
    <Text Include="..\Release\assets\inf\L0.txt">
      <Filter>Resource Files</Filter>
    </Text>
    <Text Include="..\Release\assets\inf\output.txt">
      <Filter>Resource Files</Filter>
    </Text>
  </ItemGroup>
</Project>